
Microsoft Visual Studio Solution File, Format Version 12.00
# Visual Studio 15
VisualStudioVersion = 15.0.28307.852
MinimumVisualStudioVersion = 10.0.40219.1
Project("{D2ABAB84-BF74-430A-B69E-9DC6D40DDA17}") = "DM-A2-Zach-Cooper", "DM-A2-Zach-Cooper\DM-A2-Zach-Cooper.dwproj", "{ACC33CA0-9570-4260-A800-984025FDE028}"
EndProject
Global
	GlobalSection(SolutionConfigurationPlatforms) = preSolution
		Development|Default = Development|Default
	EndGlobalSection
	GlobalSection(ProjectConfigurationPlatforms) = postSolution
		{ACC33CA0-9570-4260-A800-984025FDE028}.Development|Default.ActiveCfg = Development
		{ACC33CA0-9570-4260-A800-984025FDE028}.Development|Default.Build.0 = Development
		{ACC33CA0-9570-4260-A800-984025FDE028}.Development|Default.Deploy.0 = Development
	EndGlobalSection
	GlobalSection(SolutionProperties) = preSolution
		HideSolutionNode = FALSE
	EndGlobalSection
	GlobalSection(ExtensibilityGlobals) = postSolution
		SolutionGuid = {238F4278-B3F2-4182-88D5-B3D3ECB2DB43}
	EndGlobalSection
EndGlobal
