
Microsoft Visual Studio Solution File, Format Version 12.00
# Visual Studio 15
VisualStudioVersion = 15.0.28307.852
MinimumVisualStudioVersion = 10.0.40219.1
Project("{159641D6-6404-4A2A-AE62-294DE0FE8301}") = "PopulateDM", "PopulateDM\PopulateDM.dtproj", "{981BBEBC-47C3-4F9A-89AA-348F7F2D395B}"
EndProject
Global
	GlobalSection(SolutionConfigurationPlatforms) = preSolution
		Development|Default = Development|Default
	EndGlobalSection
	GlobalSection(ProjectConfigurationPlatforms) = postSolution
		{981BBEBC-47C3-4F9A-89AA-348F7F2D395B}.Development|Default.ActiveCfg = Development
		{981BBEBC-47C3-4F9A-89AA-348F7F2D395B}.Development|Default.Build.0 = Development
	EndGlobalSection
	GlobalSection(SolutionProperties) = preSolution
		HideSolutionNode = FALSE
	EndGlobalSection
	GlobalSection(ExtensibilityGlobals) = postSolution
		SolutionGuid = {7D535AE3-C99A-456F-9B3D-C299EED2936C}
	EndGlobalSection
EndGlobal
